
Microsoft Visual Studio Solution File, Format Version 12.00
# Visual Studio Version 16
VisualStudioVersion = 16.0.31229.75
MinimumVisualStudioVersion = 10.0.40219.1
Project("{FAE04EC0-301F-11D3-BF4B-00C04F79EFBC}") = "PR", "PR\PR.csproj", "{63761C55-CC23-4069-AFE7-303F2CEB5A04}"
EndProject
Global
	GlobalSection(SolutionConfigurationPlatforms) = preSolution
		Debug|Any CPU = Debug|Any CPU
		Release|Any CPU = Release|Any CPU
	EndGlobalSection
	GlobalSection(ProjectConfigurationPlatforms) = postSolution
		{63761C55-CC23-4069-AFE7-303F2CEB5A04}.Debug|Any CPU.ActiveCfg = Debug|Any CPU
		{63761C55-CC23-4069-AFE7-303F2CEB5A04}.Debug|Any CPU.Build.0 = Debug|Any CPU
		{63761C55-CC23-4069-AFE7-303F2CEB5A04}.Release|Any CPU.ActiveCfg = Release|Any CPU
		{63761C55-CC23-4069-AFE7-303F2CEB5A04}.Release|Any CPU.Build.0 = Release|Any CPU
	EndGlobalSection
	GlobalSection(SolutionProperties) = preSolution
		HideSolutionNode = FALSE
	EndGlobalSection
	GlobalSection(ExtensibilityGlobals) = postSolution
		SolutionGuid = {B505B2C9-19B2-4053-969F-739834AE4C2D}
	EndGlobalSection
EndGlobal
